
Microsoft Visual Studio Solution File, Format Version 12.00
# Visual Studio Version 17
VisualStudioVersion = 17.11.35327.3
MinimumVisualStudioVersion = 10.0.40219.1
Project("{2150E333-8FDC-42A3-9474-1A3956D46DE8}") = "Services", "Services", "{E023D862-7C99-4478-9C55-8515C95012A9}"
EndProject
Project("{2150E333-8FDC-42A3-9474-1A3956D46DE8}") = "Catalog", "Catalog", "{4F01046F-94D1-4794-BDE5-C75732FE354B}"
EndProject
Project("{FAE04EC0-301F-11D3-BF4B-00C04F79EFBC}") = "Catalog.API", "Services\Catalog\Catalog.API\Catalog.API.csproj", "{5ECFEEB5-4F32-48AD-8671-7E217F76A7CF}"
EndProject
Global
	GlobalSection(SolutionConfigurationPlatforms) = preSolution
		Debug|Any CPU = Debug|Any CPU
		Release|Any CPU = Release|Any CPU
	EndGlobalSection
	GlobalSection(ProjectConfigurationPlatforms) = postSolution
		{5ECFEEB5-4F32-48AD-8671-7E217F76A7CF}.Debug|Any CPU.ActiveCfg = Debug|Any CPU
		{5ECFEEB5-4F32-48AD-8671-7E217F76A7CF}.Debug|Any CPU.Build.0 = Debug|Any CPU
		{5ECFEEB5-4F32-48AD-8671-7E217F76A7CF}.Release|Any CPU.ActiveCfg = Release|Any CPU
		{5ECFEEB5-4F32-48AD-8671-7E217F76A7CF}.Release|Any CPU.Build.0 = Release|Any CPU
	EndGlobalSection
	GlobalSection(SolutionProperties) = preSolution
		HideSolutionNode = FALSE
	EndGlobalSection
	GlobalSection(NestedProjects) = preSolution
		{4F01046F-94D1-4794-BDE5-C75732FE354B} = {E023D862-7C99-4478-9C55-8515C95012A9}
		{5ECFEEB5-4F32-48AD-8671-7E217F76A7CF} = {4F01046F-94D1-4794-BDE5-C75732FE354B}
	EndGlobalSection
	GlobalSection(ExtensibilityGlobals) = postSolution
		SolutionGuid = {9EAA0ED6-B27B-4A8A-A9A1-95FAE5D91E72}
	EndGlobalSection
EndGlobal
